
Microsoft Visual Studio Solution File, Format Version 12.00
# Visual Studio Version 16
VisualStudioVersion = 16.0.28315.86
MinimumVisualStudioVersion = 10.0.40219.1
Project("{8BC9CEB8-8B4A-11D0-8D11-00A0C91BC942}") = "Paws", "Paws\Paws.vcxproj", "{344F6FFE-081B-4CEA-9C8F-C6C06DB49720}"
EndProject
Project("{2150E333-8FDC-42A3-9474-1A3956D46DE8}") = "Solution Items", "Solution Items", "{6FE5E514-8E4F-4723-BBC7-BC203AC32E81}"
	ProjectSection(SolutionItems) = preProject
		.gitignore = .gitignore
		azure-pipelines.yml = azure-pipelines.yml
		README.md = README.md
	EndProjectSection
EndProject
Project("{C7167F0D-BC9F-4E6E-AFE1-012C56B48DB5}") = "Paws.Package", "Paws.Package\Paws.Package.wapproj", "{31F1BE30-3C6D-41B9-B94C-347368F8D022}"
EndProject
Global
	GlobalSection(SolutionConfigurationPlatforms) = preSolution
		Debug|Any CPU = Debug|Any CPU
		Debug|x64 = Debug|x64
		Debug|x86 = Debug|x86
		Release|Any CPU = Release|Any CPU
		Release|x64 = Release|x64
		Release|x86 = Release|x86
	EndGlobalSection
	GlobalSection(ProjectConfigurationPlatforms) = postSolution
		{344F6FFE-081B-4CEA-9C8F-C6C06DB49720}.Debug|Any CPU.ActiveCfg = Debug|Win32
		{344F6FFE-081B-4CEA-9C8F-C6C06DB49720}.Debug|x64.ActiveCfg = Debug|x64
		{344F6FFE-081B-4CEA-9C8F-C6C06DB49720}.Debug|x64.Build.0 = Debug|x64
		{344F6FFE-081B-4CEA-9C8F-C6C06DB49720}.Debug|x86.ActiveCfg = Debug|Win32
		{344F6FFE-081B-4CEA-9C8F-C6C06DB49720}.Debug|x86.Build.0 = Debug|Win32
		{344F6FFE-081B-4CEA-9C8F-C6C06DB49720}.Release|Any CPU.ActiveCfg = Release|Win32
		{344F6FFE-081B-4CEA-9C8F-C6C06DB49720}.Release|x64.ActiveCfg = Release|x64
		{344F6FFE-081B-4CEA-9C8F-C6C06DB49720}.Release|x64.Build.0 = Release|x64
		{344F6FFE-081B-4CEA-9C8F-C6C06DB49720}.Release|x86.ActiveCfg = Release|Win32
		{344F6FFE-081B-4CEA-9C8F-C6C06DB49720}.Release|x86.Build.0 = Release|Win32
		{31F1BE30-3C6D-41B9-B94C-347368F8D022}.Debug|Any CPU.ActiveCfg = Debug|Any CPU
		{31F1BE30-3C6D-41B9-B94C-347368F8D022}.Debug|Any CPU.Build.0 = Debug|Any CPU
		{31F1BE30-3C6D-41B9-B94C-347368F8D022}.Debug|Any CPU.Deploy.0 = Debug|Any CPU
		{31F1BE30-3C6D-41B9-B94C-347368F8D022}.Debug|x64.ActiveCfg = Debug|x64
		{31F1BE30-3C6D-41B9-B94C-347368F8D022}.Debug|x64.Build.0 = Debug|x64
		{31F1BE30-3C6D-41B9-B94C-347368F8D022}.Debug|x64.Deploy.0 = Debug|x64
		{31F1BE30-3C6D-41B9-B94C-347368F8D022}.Debug|x86.ActiveCfg = Debug|x86
		{31F1BE30-3C6D-41B9-B94C-347368F8D022}.Debug|x86.Build.0 = Debug|x86
		{31F1BE30-3C6D-41B9-B94C-347368F8D022}.Debug|x86.Deploy.0 = Debug|x86
		{31F1BE30-3C6D-41B9-B94C-347368F8D022}.Release|Any CPU.ActiveCfg = Release|Any CPU
		{31F1BE30-3C6D-41B9-B94C-347368F8D022}.Release|Any CPU.Build.0 = Release|Any CPU
		{31F1BE30-3C6D-41B9-B94C-347368F8D022}.Release|Any CPU.Deploy.0 = Release|Any CPU
		{31F1BE30-3C6D-41B9-B94C-347368F8D022}.Release|x64.ActiveCfg = Release|x64
		{31F1BE30-3C6D-41B9-B94C-347368F8D022}.Release|x64.Build.0 = Release|x64
		{31F1BE30-3C6D-41B9-B94C-347368F8D022}.Release|x64.Deploy.0 = Release|x64
		{31F1BE30-3C6D-41B9-B94C-347368F8D022}.Release|x86.ActiveCfg = Release|x86
		{31F1BE30-3C6D-41B9-B94C-347368F8D022}.Release|x86.Build.0 = Release|x86
		{31F1BE30-3C6D-41B9-B94C-347368F8D022}.Release|x86.Deploy.0 = Release|x86
	EndGlobalSection
	GlobalSection(SolutionProperties) = preSolution
		HideSolutionNode = FALSE
	EndGlobalSection
	GlobalSection(ExtensibilityGlobals) = postSolution
		SolutionGuid = {3FBCC963-3FB9-4F83-9779-C4F981C2D8BC}
	EndGlobalSection
EndGlobal
